
Microsoft Visual Studio Solution File, Format Version 12.00
# Visual Studio Version 17
VisualStudioVersion = 17.11.35312.102
MinimumVisualStudioVersion = 10.0.40219.1
Project("{FAE04EC0-301F-11D3-BF4B-00C04F79EFBC}") = "MineSweeper", "MineSweeper.csproj", "{E512A40F-7559-4B7F-B4BF-B18E8F277879}"
EndProject
Global
	GlobalSection(SolutionConfigurationPlatforms) = preSolution
		Debug|Any CPU = Debug|Any CPU
		Release|Any CPU = Release|Any CPU
	EndGlobalSection
	GlobalSection(ProjectConfigurationPlatforms) = postSolution
		{E512A40F-7559-4B7F-B4BF-B18E8F277879}.Debug|Any CPU.ActiveCfg = Debug|Any CPU
		{E512A40F-7559-4B7F-B4BF-B18E8F277879}.Debug|Any CPU.Build.0 = Debug|Any CPU
		{E512A40F-7559-4B7F-B4BF-B18E8F277879}.Release|Any CPU.ActiveCfg = Release|Any CPU
		{E512A40F-7559-4B7F-B4BF-B18E8F277879}.Release|Any CPU.Build.0 = Release|Any CPU
	EndGlobalSection
	GlobalSection(SolutionProperties) = preSolution
		HideSolutionNode = FALSE
	EndGlobalSection
	GlobalSection(ExtensibilityGlobals) = postSolution
		SolutionGuid = {C271C0AF-8903-4656-8581-89B13B0D7FDE}
	EndGlobalSection
EndGlobal
