
Microsoft Visual Studio Solution File, Format Version 12.00
# Visual Studio Version 16
VisualStudioVersion = 16.0.35130.168
MinimumVisualStudioVersion = 10.0.40219.1
Project("{FAE04EC0-301F-11D3-BF4B-00C04F79EFBC}") = "ConsoleSkak", "ConsoleSkak.csproj", "{2735F31A-63E0-48A6-A80C-8A446F2409EC}"
EndProject
Global
	GlobalSection(SolutionConfigurationPlatforms) = preSolution
		Debug|Any CPU = Debug|Any CPU
		Release|Any CPU = Release|Any CPU
	EndGlobalSection
	GlobalSection(ProjectConfigurationPlatforms) = postSolution
		{2735F31A-63E0-48A6-A80C-8A446F2409EC}.Debug|Any CPU.ActiveCfg = Debug|Any CPU
		{2735F31A-63E0-48A6-A80C-8A446F2409EC}.Debug|Any CPU.Build.0 = Debug|Any CPU
		{2735F31A-63E0-48A6-A80C-8A446F2409EC}.Release|Any CPU.ActiveCfg = Release|Any CPU
		{2735F31A-63E0-48A6-A80C-8A446F2409EC}.Release|Any CPU.Build.0 = Release|Any CPU
	EndGlobalSection
	GlobalSection(SolutionProperties) = preSolution
		HideSolutionNode = FALSE
	EndGlobalSection
	GlobalSection(ExtensibilityGlobals) = postSolution
		SolutionGuid = {C03FBBAC-4882-40BA-9FEB-4AB217039F57}
	EndGlobalSection
EndGlobal
